# This file is automatically @generated by Cargo.
# It is not intended for manual editing.
version = 3

[[package]]
name = "gear-wasm"
version = "0.45.1"
source = "registry+https://github.com/rust-lang/crates.io-index"
checksum = "bbfbfa701dc65e683fcd2fb24f046bcef22634acbdf47ad14724637dc39ad05b"

[[package]]
name = "wasm-checker"
version = "0.1.0"
dependencies = [
 "gear-wasm",
]
